<?xml version="1.0" encoding="utf-8"?>
<Project ToolsVersion="4.0" xmlns="http://schemas.microsoft.com/developer/msbuild/2003">
  <ItemGroup>
    <ClCompile Include="CClientSession.cpp" />
    <ClCompile Include="CDatabase.cpp" />
    <ClCompile Include="CRunAsync.cpp" />
    <ClCompile Include="CServer.cpp" />
    <ClCompile Include="Service.cpp" />
    <ClCompile Include="main.cpp" />
    <ClCompile Include="stdafx.cpp" />
    <ClCompile Include="Utils.cpp" />
    <ClCompile Include="CConfig.cpp" />
    <ClCompile Include="include\INIReaderWriter\ini.c">
      <Filter>INIReader</Filter>
    </ClCompile>
    <ClCompile Include="include\INIReaderWriter\cpp\INIReader.cpp">
      <Filter>INIReader</Filter>
    </ClCompile>
  </ItemGroup>
  <ItemGroup>
    <ClInclude Include="CClientSession.h" />
    <ClInclude Include="CDatabase.h" />
    <ClInclude Include="CRunAsync.h" />
    <ClInclude Include="CServer.h" />
    <ClInclude Include="Service.h" />
    <ClInclude Include="main.h" />
    <ClInclude Include="stdafx.h" />
    <ClInclude Include="Utils.h" />
    <ClInclude Include="CConfig.h" />
    <ClInclude Include="include\INIReaderWriter\ini.h">
      <Filter>INIReader</Filter>
    </ClInclude>
    <ClInclude Include="include\INIReaderWriter\cpp\INIReader.h">
      <Filter>INIReader</Filter>
    </ClInclude>
  </ItemGroup>
  <ItemGroup>
    <Filter Include="INIReader">
      <UniqueIdentifier>{8eff8ff0-5b2f-4216-a045-f57586337ff3}</UniqueIdentifier>
    </Filter>
  </ItemGroup>
</Project>